# This file is automatically @generated by Cargo.
# It is not intended for manual editing.
version = 3

[[package]]
name = "find_the_smallest"
version = "0.1.0"

[[package]]
name = "largest_difference_in_increasing_indexes"
version = "0.1.0"

[[package]]
name = "weight_for_weights"
version = "0.1.0"
